// !$*UTF8*$!
{
	archiveVersion = 1;
	classes = {
	};
	objectVersion = 46;
	objects = {

/* Begin PBXBuildFile section */
		A0596AF355CD489D9E88F444 /* libPods.a in Frameworks */ = {isa = PBXBuildFile; fileRef = 334D8E4AC2CF472B90A4C638 /* libPods.a */; };
		E91D7E0A16B8E36400F66CD5 /* UIKit.framework in Frameworks */ = {isa = PBXBuildFile; fileRef = E91D7E0916B8E36400F66CD5 /* UIKit.framework */; };
		E91D7E0C16B8E36400F66CD5 /* Foundation.framework in Frameworks */ = {isa = PBXBuildFile; fileRef = E91D7E0B16B8E36400F66CD5 /* Foundation.framework */; };
		E91D7E0E16B8E36400F66CD5 /* CoreGraphics.framework in Frameworks */ = {isa = PBXBuildFile; fileRef = E91D7E0D16B8E36400F66CD5 /* CoreGraphics.framework */; };
		E91D7E1416B8E36400F66CD5 /* InfoPlist.strings in Resources */ = {isa = PBXBuildFile; fileRef = E91D7E1216B8E36400F66CD5 /* InfoPlist.strings */; };
		E91D7E1616B8E36400F66CD5 /* main.m in Sources */ = {isa = PBXBuildFile; fileRef = E91D7E1516B8E36400F66CD5 /* main.m */; };
		E91D7E1A16B8E36400F66CD5 /* AppDelegate.m in Sources */ = {isa = PBXBuildFile; fileRef = E91D7E1916B8E36400F66CD5 /* AppDelegate.m */; };
		E91D7E1C16B8E36400F66CD5 /* Default.png in Resources */ = {isa = PBXBuildFile; fileRef = E91D7E1B16B8E36400F66CD5 /* Default.png */; };
		E91D7E1E16B8E36400F66CD5 /* Default@2x.png in Resources */ = {isa = PBXBuildFile; fileRef = E91D7E1D16B8E36400F66CD5 /* Default@2x.png */; };
		E91D7E2016B8E36400F66CD5 /* Default-568h@2x.png in Resources */ = {isa = PBXBuildFile; fileRef = E91D7E1F16B8E36400F66CD5 /* Default-568h@2x.png */; };
		E91D7E2316B8E36400F66CD5 /* ViewController.m in Sources */ = {isa = PBXBuildFile; fileRef = E91D7E2216B8E36400F66CD5 /* ViewController.m */; };
		E91D7E2616B8E36400F66CD5 /* ViewController.xib in Resources */ = {isa = PBXBuildFile; fileRef = E91D7E2416B8E36400F66CD5 /* ViewController.xib */; };
		E91D7E3916B8E44700F66CD5 /* AudioToolbox.framework in Frameworks */ = {isa = PBXBuildFile; fileRef = E91D7E3816B8E44700F66CD5 /* AudioToolbox.framework */; };
		E91D7E3B16B8E44D00F66CD5 /* AVFoundation.framework in Frameworks */ = {isa = PBXBuildFile; fileRef = E91D7E3A16B8E44D00F66CD5 /* AVFoundation.framework */; };
		E91D7E3D16B8E45700F66CD5 /* CoreVideo.framework in Frameworks */ = {isa = PBXBuildFile; fileRef = E91D7E3C16B8E45700F66CD5 /* CoreVideo.framework */; };
		E91D7E3F16B8E45C00F66CD5 /* CoreMedia.framework in Frameworks */ = {isa = PBXBuildFile; fileRef = E91D7E3E16B8E45C00F66CD5 /* CoreMedia.framework */; };
		E93D98E516D9CBE400F24220 /* MFSideMenu.m in Sources */ = {isa = PBXBuildFile; fileRef = E93D98E416D9CBE400F24220 /* MFSideMenu.m */; };
		E93D98E916D9D07900F24220 /* UINavigationController+MFSideMenu.m in Sources */ = {isa = PBXBuildFile; fileRef = E93D98E816D9CDFC00F24220 /* UINavigationController+MFSideMenu.m */; };
		E93D98F516DACBEF00F24220 /* Theme.m in Sources */ = {isa = PBXBuildFile; fileRef = E93D98F216DACBEE00F24220 /* Theme.m */; };
		E93D98F616DACBEF00F24220 /* RITTheme.m in Sources */ = {isa = PBXBuildFile; fileRef = E93D98F416DACBEF00F24220 /* RITTheme.m */; };
		E93D992B16DC0E2600F24220 /* SideMenuViewController~ipad.xib in Resources */ = {isa = PBXBuildFile; fileRef = E93D992716DC0AE200F24220 /* SideMenuViewController~ipad.xib */; };
		E93D994516E5091F00F24220 /* linear_by_braydon_fuller.otf in Resources */ = {isa = PBXBuildFile; fileRef = E93D994416E5091F00F24220 /* linear_by_braydon_fuller.otf */; };
		E93D994716E5381D00F24220 /* BarcodeCaptureViewController~ipad.xib in Resources */ = {isa = PBXBuildFile; fileRef = E93D992616DC0AE200F24220 /* BarcodeCaptureViewController~ipad.xib */; };
		E95E759816C0720A00E01F58 /* ImageIO.framework in Frameworks */ = {isa = PBXBuildFile; fileRef = E95E759716C0720900E01F58 /* ImageIO.framework */; };
		E95E759A16C0720E00E01F58 /* QuartzCore.framework in Frameworks */ = {isa = PBXBuildFile; fileRef = E95E759916C0720E00E01F58 /* QuartzCore.framework */; };
		E95E759F16C072F600E01F58 /* BarcodeCaptureViewController.m in Sources */ = {isa = PBXBuildFile; fileRef = E95E759D16C072F600E01F58 /* BarcodeCaptureViewController.m */; };
		E95E75A016C072F600E01F58 /* BarcodeCaptureViewController.xib in Resources */ = {isa = PBXBuildFile; fileRef = E95E759E16C072F600E01F58 /* BarcodeCaptureViewController.xib */; };
		E95E75A216C08B2E00E01F58 /* MessageUI.framework in Frameworks */ = {isa = PBXBuildFile; fileRef = E95E75A116C08B2E00E01F58 /* MessageUI.framework */; };
		E95E75A516C08E3400E01F58 /* SBarcodeResult.m in Sources */ = {isa = PBXBuildFile; fileRef = E95E75A416C08E3400E01F58 /* SBarcodeResult.m */; };
		E9AA78AE16C564A4002C4723 /* SideMenuViewController.m in Sources */ = {isa = PBXBuildFile; fileRef = E9AA78AC16C564A4002C4723 /* SideMenuViewController.m */; };
		E9AA78AF16C564A4002C4723 /* SideMenuViewController~iphone.xib in Resources */ = {isa = PBXBuildFile; fileRef = E9AA78AD16C564A4002C4723 /* SideMenuViewController~iphone.xib */; };
		E9AA78C216C72812002C4723 /* SScanEvent.m in Sources */ = {isa = PBXBuildFile; fileRef = E9AA78C116C72812002C4723 /* SScanEvent.m */; };
		E9AA78C716C73AC7002C4723 /* back-arrow.png in Resources */ = {isa = PBXBuildFile; fileRef = E9AA78C316C73AC7002C4723 /* back-arrow.png */; };
		E9AA78C816C73AC7002C4723 /* back-arrow@2x.png in Resources */ = {isa = PBXBuildFile; fileRef = E9AA78C416C73AC7002C4723 /* back-arrow@2x.png */; };
		E9AA78C916C73AC7002C4723 /* menu-icon.png in Resources */ = {isa = PBXBuildFile; fileRef = E9AA78C516C73AC7002C4723 /* menu-icon.png */; };
		E9AA78CA16C73AC7002C4723 /* menu-icon@2x.png in Resources */ = {isa = PBXBuildFile; fileRef = E9AA78C616C73AC7002C4723 /* menu-icon@2x.png */; };
/* End PBXBuildFile section */

/* Begin PBXContainerItemProxy section */
		E93D98E216D9CBCE00F24220 /* PBXContainerItemProxy */ = {
			isa = PBXContainerItemProxy;
			containerPortal = E93D98DE16D9CBCE00F24220 /* MFSideMenuDemo.xcodeproj */;
			proxyType = 2;
			remoteGlobalIDString = 275F15831517E9B80052A240;
			remoteInfo = MFSideMenuDemo;
		};
/* End PBXContainerItemProxy section */

/* Begin PBXFileReference section */
		334D8E4AC2CF472B90A4C638 /* libPods.a */ = {isa = PBXFileReference; explicitFileType = archive.ar; includeInIndex = 0; path = libPods.a; sourceTree = BUILT_PRODUCTS_DIR; };
		95D00E2EDB7A4F6B81B3B3E9 /* Pods.xcconfig */ = {isa = PBXFileReference; includeInIndex = 1; lastKnownFileType = text.xcconfig; name = Pods.xcconfig; path = Pods/Pods.xcconfig; sourceTree = SOURCE_ROOT; };
		E91D7E0516B8E36400F66CD5 /* Sweep.app */ = {isa = PBXFileReference; explicitFileType = wrapper.application; includeInIndex = 0; path = Sweep.app; sourceTree = BUILT_PRODUCTS_DIR; };
		E91D7E0916B8E36400F66CD5 /* UIKit.framework */ = {isa = PBXFileReference; lastKnownFileType = wrapper.framework; name = UIKit.framework; path = System/Library/Frameworks/UIKit.framework; sourceTree = SDKROOT; };
		E91D7E0B16B8E36400F66CD5 /* Foundation.framework */ = {isa = PBXFileReference; lastKnownFileType = wrapper.framework; name = Foundation.framework; path = System/Library/Frameworks/Foundation.framework; sourceTree = SDKROOT; };
		E91D7E0D16B8E36400F66CD5 /* CoreGraphics.framework */ = {isa = PBXFileReference; lastKnownFileType = wrapper.framework; name = CoreGraphics.framework; path = System/Library/Frameworks/CoreGraphics.framework; sourceTree = SDKROOT; };
		E91D7E1116B8E36400F66CD5 /* Sweep-Info.plist */ = {isa = PBXFileReference; lastKnownFileType = text.plist.xml; path = "Sweep-Info.plist"; sourceTree = "<group>"; };
		E91D7E1316B8E36400F66CD5 /* en */ = {isa = PBXFileReference; lastKnownFileType = text.plist.strings; name = en; path = en.lproj/InfoPlist.strings; sourceTree = "<group>"; };
		E91D7E1516B8E36400F66CD5 /* main.m */ = {isa = PBXFileReference; lastKnownFileType = sourcecode.c.objc; path = main.m; sourceTree = "<group>"; };
		E91D7E1716B8E36400F66CD5 /* Sweep-Prefix.pch */ = {isa = PBXFileReference; lastKnownFileType = sourcecode.c.h; path = "Sweep-Prefix.pch"; sourceTree = "<group>"; };
		E91D7E1816B8E36400F66CD5 /* AppDelegate.h */ = {isa = PBXFileReference; lastKnownFileType = sourcecode.c.h; path = AppDelegate.h; sourceTree = "<group>"; };
		E91D7E1916B8E36400F66CD5 /* AppDelegate.m */ = {isa = PBXFileReference; lastKnownFileType = sourcecode.c.objc; path = AppDelegate.m; sourceTree = "<group>"; };
		E91D7E1B16B8E36400F66CD5 /* Default.png */ = {isa = PBXFileReference; lastKnownFileType = image.png; path = Default.png; sourceTree = "<group>"; };
		E91D7E1D16B8E36400F66CD5 /* Default@2x.png */ = {isa = PBXFileReference; lastKnownFileType = image.png; path = "Default@2x.png"; sourceTree = "<group>"; };
		E91D7E1F16B8E36400F66CD5 /* Default-568h@2x.png */ = {isa = PBXFileReference; lastKnownFileType = image.png; path = "Default-568h@2x.png"; sourceTree = "<group>"; };
		E91D7E2116B8E36400F66CD5 /* ViewController.h */ = {isa = PBXFileReference; lastKnownFileType = sourcecode.c.h; path = ViewController.h; sourceTree = "<group>"; };
		E91D7E2216B8E36400F66CD5 /* ViewController.m */ = {isa = PBXFileReference; lastKnownFileType = sourcecode.c.objc; path = ViewController.m; sourceTree = "<group>"; };
		E91D7E2516B8E36400F66CD5 /* en */ = {isa = PBXFileReference; lastKnownFileType = file.xib; name = en; path = en.lproj/ViewController.xib; sourceTree = "<group>"; };
		E91D7E3816B8E44700F66CD5 /* AudioToolbox.framework */ = {isa = PBXFileReference; lastKnownFileType = wrapper.framework; name = AudioToolbox.framework; path = System/Library/Frameworks/AudioToolbox.framework; sourceTree = SDKROOT; };
		E91D7E3A16B8E44D00F66CD5 /* AVFoundation.framework */ = {isa = PBXFileReference; lastKnownFileType = wrapper.framework; name = AVFoundation.framework; path = System/Library/Frameworks/AVFoundation.framework; sourceTree = SDKROOT; };
		E91D7E3C16B8E45700F66CD5 /* CoreVideo.framework */ = {isa = PBXFileReference; lastKnownFileType = wrapper.framework; name = CoreVideo.framework; path = System/Library/Frameworks/CoreVideo.framework; sourceTree = SDKROOT; };
		E91D7E3E16B8E45C00F66CD5 /* CoreMedia.framework */ = {isa = PBXFileReference; lastKnownFileType = wrapper.framework; name = CoreMedia.framework; path = System/Library/Frameworks/CoreMedia.framework; sourceTree = SDKROOT; };
		E93D98DE16D9CBCE00F24220 /* MFSideMenuDemo.xcodeproj */ = {isa = PBXFileReference; lastKnownFileType = "wrapper.pb-project"; name = MFSideMenuDemo.xcodeproj; path = ../../MFSideMenu/MFSideMenuDemo.xcodeproj; sourceTree = "<group>"; };
		E93D98E416D9CBE400F24220 /* MFSideMenu.m */ = {isa = PBXFileReference; lastKnownFileType = sourcecode.c.objc; path = MFSideMenu.m; sourceTree = "<group>"; };
		E93D98E616D9CCA500F24220 /* MFSideMenu.h */ = {isa = PBXFileReference; lastKnownFileType = sourcecode.c.h; path = MFSideMenu.h; sourceTree = "<group>"; };
		E93D98E716D9CDFC00F24220 /* UINavigationController+MFSideMenu.h */ = {isa = PBXFileReference; lastKnownFileType = sourcecode.c.h; path = "UINavigationController+MFSideMenu.h"; sourceTree = "<group>"; };
		E93D98E816D9CDFC00F24220 /* UINavigationController+MFSideMenu.m */ = {isa = PBXFileReference; lastKnownFileType = sourcecode.c.objc; path = "UINavigationController+MFSideMenu.m"; sourceTree = "<group>"; };
		E93D98F116DACBEE00F24220 /* Theme.h */ = {isa = PBXFileReference; fileEncoding = 4; lastKnownFileType = sourcecode.c.h; path = Theme.h; sourceTree = "<group>"; };
		E93D98F216DACBEE00F24220 /* Theme.m */ = {isa = PBXFileReference; fileEncoding = 4; lastKnownFileType = sourcecode.c.objc; path = Theme.m; sourceTree = "<group>"; };
		E93D98F316DACBEE00F24220 /* RITTheme.h */ = {isa = PBXFileReference; fileEncoding = 4; lastKnownFileType = sourcecode.c.h; path = RITTheme.h; sourceTree = "<group>"; };
		E93D98F416DACBEF00F24220 /* RITTheme.m */ = {isa = PBXFileReference; fileEncoding = 4; lastKnownFileType = sourcecode.c.objc; path = RITTheme.m; sourceTree = "<group>"; };
		E93D992316DC0ADD00F24220 /* Sweep copy-Info.plist */ = {isa = PBXFileReference; lastKnownFileType = text.plist.xml; name = "Sweep copy-Info.plist"; path = "/Users/Thomas/Development/Personal/scanner/Sweep/Sweep copy-Info.plist"; sourceTree = "<absolute>"; };
		E93D992516DC0AE200F24220 /* en */ = {isa = PBXFileReference; lastKnownFileType = file.xib; name = en; path = "Resources-iPad/Sweep/en.lproj/ViewController.xib"; sourceTree = "<group>"; };
		E93D992616DC0AE200F24220 /* BarcodeCaptureViewController~ipad.xib */ = {isa = PBXFileReference; lastKnownFileType = file.xib; name = "BarcodeCaptureViewController~ipad.xib"; path = "Resources-iPad/Sweep/BarcodeCaptureViewController~ipad.xib"; sourceTree = "<group>"; };
		E93D992716DC0AE200F24220 /* SideMenuViewController~ipad.xib */ = {isa = PBXFileReference; lastKnownFileType = file.xib; name = "SideMenuViewController~ipad.xib"; path = "Resources-iPad/Sweep/SideMenuViewController~ipad.xib"; sourceTree = "<group>"; };
		E93D994416E5091F00F24220 /* linear_by_braydon_fuller.otf */ = {isa = PBXFileReference; lastKnownFileType = file; path = linear_by_braydon_fuller.otf; sourceTree = "<group>"; };
		E95E759716C0720900E01F58 /* ImageIO.framework */ = {isa = PBXFileReference; lastKnownFileType = wrapper.framework; name = ImageIO.framework; path = System/Library/Frameworks/ImageIO.framework; sourceTree = SDKROOT; };
		E95E759916C0720E00E01F58 /* QuartzCore.framework */ = {isa = PBXFileReference; lastKnownFileType = wrapper.framework; name = QuartzCore.framework; path = System/Library/Frameworks/QuartzCore.framework; sourceTree = SDKROOT; };
		E95E759C16C072F500E01F58 /* BarcodeCaptureViewController.h */ = {isa = PBXFileReference; fileEncoding = 4; lastKnownFileType = sourcecode.c.h; path = BarcodeCaptureViewController.h; sourceTree = "<group>"; };
		E95E759D16C072F600E01F58 /* BarcodeCaptureViewController.m */ = {isa = PBXFileReference; fileEncoding = 4; lastKnownFileType = sourcecode.c.objc; path = BarcodeCaptureViewController.m; sourceTree = "<group>"; };
		E95E759E16C072F600E01F58 /* BarcodeCaptureViewController.xib */ = {isa = PBXFileReference; fileEncoding = 4; lastKnownFileType = file.xib; path = BarcodeCaptureViewController.xib; sourceTree = "<group>"; };
		E95E75A116C08B2E00E01F58 /* MessageUI.framework */ = {isa = PBXFileReference; lastKnownFileType = wrapper.framework; name = MessageUI.framework; path = System/Library/Frameworks/MessageUI.framework; sourceTree = SDKROOT; };
		E95E75A316C08E3400E01F58 /* SBarcodeResult.h */ = {isa = PBXFileReference; fileEncoding = 4; lastKnownFileType = sourcecode.c.h; path = SBarcodeResult.h; sourceTree = "<group>"; };
		E95E75A416C08E3400E01F58 /* SBarcodeResult.m */ = {isa = PBXFileReference; fileEncoding = 4; lastKnownFileType = sourcecode.c.objc; path = SBarcodeResult.m; sourceTree = "<group>"; };
		E9AA78AB16C564A4002C4723 /* SideMenuViewController.h */ = {isa = PBXFileReference; fileEncoding = 4; lastKnownFileType = sourcecode.c.h; path = SideMenuViewController.h; sourceTree = "<group>"; };
		E9AA78AC16C564A4002C4723 /* SideMenuViewController.m */ = {isa = PBXFileReference; fileEncoding = 4; lastKnownFileType = sourcecode.c.objc; path = SideMenuViewController.m; sourceTree = "<group>"; };
		E9AA78AD16C564A4002C4723 /* SideMenuViewController~iphone.xib */ = {isa = PBXFileReference; fileEncoding = 4; lastKnownFileType = file.xib; path = "SideMenuViewController~iphone.xib"; sourceTree = "<group>"; };
		E9AA78C016C72812002C4723 /* SScanEvent.h */ = {isa = PBXFileReference; fileEncoding = 4; lastKnownFileType = sourcecode.c.h; path = SScanEvent.h; sourceTree = "<group>"; };
		E9AA78C116C72812002C4723 /* SScanEvent.m */ = {isa = PBXFileReference; fileEncoding = 4; lastKnownFileType = sourcecode.c.objc; path = SScanEvent.m; sourceTree = "<group>"; };
		E9AA78C316C73AC7002C4723 /* back-arrow.png */ = {isa = PBXFileReference; lastKnownFileType = image.png; path = "back-arrow.png"; sourceTree = "<group>"; };
		E9AA78C416C73AC7002C4723 /* back-arrow@2x.png */ = {isa = PBXFileReference; lastKnownFileType = image.png; path = "back-arrow@2x.png"; sourceTree = "<group>"; };
		E9AA78C516C73AC7002C4723 /* menu-icon.png */ = {isa = PBXFileReference; lastKnownFileType = image.png; path = "menu-icon.png"; sourceTree = "<group>"; };
		E9AA78C616C73AC7002C4723 /* menu-icon@2x.png */ = {isa = PBXFileReference; lastKnownFileType = image.png; path = "menu-icon@2x.png"; sourceTree = "<group>"; };
/* End PBXFileReference section */

/* Begin PBXFrameworksBuildPhase section */
		E91D7E0216B8E36400F66CD5 /* Frameworks */ = {
			isa = PBXFrameworksBuildPhase;
			buildActionMask = 2147483647;
			files = (
				E95E75A216C08B2E00E01F58 /* MessageUI.framework in Frameworks */,
				E95E759A16C0720E00E01F58 /* QuartzCore.framework in Frameworks */,
				E95E759816C0720A00E01F58 /* ImageIO.framework in Frameworks */,
				E91D7E3F16B8E45C00F66CD5 /* CoreMedia.framework in Frameworks */,
				E91D7E3D16B8E45700F66CD5 /* CoreVideo.framework in Frameworks */,
				E91D7E3B16B8E44D00F66CD5 /* AVFoundation.framework in Frameworks */,
				E91D7E3916B8E44700F66CD5 /* AudioToolbox.framework in Frameworks */,
				E91D7E0A16B8E36400F66CD5 /* UIKit.framework in Frameworks */,
				E91D7E0C16B8E36400F66CD5 /* Foundation.framework in Frameworks */,
				E91D7E0E16B8E36400F66CD5 /* CoreGraphics.framework in Frameworks */,
				A0596AF355CD489D9E88F444 /* libPods.a in Frameworks */,
			);
			runOnlyForDeploymentPostprocessing = 0;
		};
/* End PBXFrameworksBuildPhase section */

/* Begin PBXGroup section */
		E91D7DFA16B8E36300F66CD5 = {
			isa = PBXGroup;
			children = (
				E93D98DE16D9CBCE00F24220 /* MFSideMenuDemo.xcodeproj */,
				E93D98EB16DACB3B00F24220 /* sweep_resources */,
				E91D7E0F16B8E36400F66CD5 /* sweep_source */,
				E91D7E1016B8E36400F66CD5 /* Supporting Files */,
				E91D7E0816B8E36400F66CD5 /* Frameworks */,
				E91D7E0616B8E36400F66CD5 /* Products */,
				E93D992316DC0ADD00F24220 /* Sweep copy-Info.plist */,
				95D00E2EDB7A4F6B81B3B3E9 /* Pods.xcconfig */,
			);
			sourceTree = "<group>";
		};
		E91D7E0616B8E36400F66CD5 /* Products */ = {
			isa = PBXGroup;
			children = (
				E91D7E0516B8E36400F66CD5 /* Sweep.app */,
			);
			name = Products;
			sourceTree = "<group>";
		};
		E91D7E0816B8E36400F66CD5 /* Frameworks */ = {
			isa = PBXGroup;
			children = (
				E95E75A116C08B2E00E01F58 /* MessageUI.framework */,
				E95E759916C0720E00E01F58 /* QuartzCore.framework */,
				E95E759716C0720900E01F58 /* ImageIO.framework */,
				E91D7E3E16B8E45C00F66CD5 /* CoreMedia.framework */,
				E91D7E3C16B8E45700F66CD5 /* CoreVideo.framework */,
				E91D7E3A16B8E44D00F66CD5 /* AVFoundation.framework */,
				E91D7E3816B8E44700F66CD5 /* AudioToolbox.framework */,
				E91D7E0916B8E36400F66CD5 /* UIKit.framework */,
				E91D7E0B16B8E36400F66CD5 /* Foundation.framework */,
				E91D7E0D16B8E36400F66CD5 /* CoreGraphics.framework */,
				334D8E4AC2CF472B90A4C638 /* libPods.a */,
			);
			name = Frameworks;
			sourceTree = "<group>";
		};
		E91D7E0F16B8E36400F66CD5 /* sweep_source */ = {
			isa = PBXGroup;
			children = (
				E93D98EC16DACB6F00F24220 /* Visual */,
				E91D7E1816B8E36400F66CD5 /* AppDelegate.h */,
				E91D7E1916B8E36400F66CD5 /* AppDelegate.m */,
				E91D7E2116B8E36400F66CD5 /* ViewController.h */,
				E91D7E2216B8E36400F66CD5 /* ViewController.m */,
				E91D7E2416B8E36400F66CD5 /* ViewController.xib */,
				E95E759C16C072F500E01F58 /* BarcodeCaptureViewController.h */,
				E95E759D16C072F600E01F58 /* BarcodeCaptureViewController.m */,
				E95E759E16C072F600E01F58 /* BarcodeCaptureViewController.xib */,
				E95E75A316C08E3400E01F58 /* SBarcodeResult.h */,
				E95E75A416C08E3400E01F58 /* SBarcodeResult.m */,
				E9AA78AB16C564A4002C4723 /* SideMenuViewController.h */,
				E9AA78AC16C564A4002C4723 /* SideMenuViewController.m */,
				E9AA78AD16C564A4002C4723 /* SideMenuViewController~iphone.xib */,
				E9AA78C016C72812002C4723 /* SScanEvent.h */,
				E9AA78C116C72812002C4723 /* SScanEvent.m */,
			);
			name = sweep_source;
			path = Sweep;
			sourceTree = "<group>";
		};
		E91D7E1016B8E36400F66CD5 /* Supporting Files */ = {
			isa = PBXGroup;
			children = (
				E93D98EA16DACB2600F24220 /* MFSideMenu */,
				E91D7E1116B8E36400F66CD5 /* Sweep-Info.plist */,
				E91D7E1216B8E36400F66CD5 /* InfoPlist.strings */,
				E91D7E1516B8E36400F66CD5 /* main.m */,
				E91D7E1716B8E36400F66CD5 /* Sweep-Prefix.pch */,
				E91D7E1B16B8E36400F66CD5 /* Default.png */,
				E91D7E1D16B8E36400F66CD5 /* Default@2x.png */,
				E91D7E1F16B8E36400F66CD5 /* Default-568h@2x.png */,
			);
			name = "Supporting Files";
			path = Sweep;
			sourceTree = "<group>";
		};
		E93D98DF16D9CBCE00F24220 /* Products */ = {
			isa = PBXGroup;
			children = (
				E93D98E316D9CBCE00F24220 /* MFSideMenuDemo.app */,
			);
			name = Products;
			sourceTree = "<group>";
		};
		E93D98EA16DACB2600F24220 /* MFSideMenu */ = {
			isa = PBXGroup;
			children = (
				E9AA78C316C73AC7002C4723 /* back-arrow.png */,
				E9AA78C416C73AC7002C4723 /* back-arrow@2x.png */,
				E9AA78C516C73AC7002C4723 /* menu-icon.png */,
				E9AA78C616C73AC7002C4723 /* menu-icon@2x.png */,
				E93D98E716D9CDFC00F24220 /* UINavigationController+MFSideMenu.h */,
				E93D98E816D9CDFC00F24220 /* UINavigationController+MFSideMenu.m */,
				E93D98E616D9CCA500F24220 /* MFSideMenu.h */,
				E93D98E416D9CBE400F24220 /* MFSideMenu.m */,
			);
			name = MFSideMenu;
			sourceTree = "<group>";
		};
		E93D98EB16DACB3B00F24220 /* sweep_resources */ = {
			isa = PBXGroup;
			children = (
				E93D994316E5090300F24220 /* fonts */,
				E93D994216E508FE00F24220 /* images */,
				E93D992216DC0ADD00F24220 /* iPad */,
			);
			name = sweep_resources;
			sourceTree = "<group>";
		};
		E93D98EC16DACB6F00F24220 /* Visual */ = {
			isa = PBXGroup;
			children = (
				E93D98F116DACBEE00F24220 /* Theme.h */,
				E93D98F216DACBEE00F24220 /* Theme.m */,
				E93D98F316DACBEE00F24220 /* RITTheme.h */,
				E93D98F416DACBEF00F24220 /* RITTheme.m */,
			);
			name = Visual;
			sourceTree = "<group>";
		};
		E93D992216DC0ADD00F24220 /* iPad */ = {
			isa = PBXGroup;
			children = (
				E93D992416DC0AE200F24220 /* ViewController.xib */,
				E93D992616DC0AE200F24220 /* BarcodeCaptureViewController~ipad.xib */,
				E93D992716DC0AE200F24220 /* SideMenuViewController~ipad.xib */,
			);
			name = iPad;
			sourceTree = "<group>";
		};
		E93D994216E508FE00F24220 /* images */ = {
			isa = PBXGroup;
			children = (
			);
			name = images;
			sourceTree = "<group>";
		};
		E93D994316E5090300F24220 /* fonts */ = {
			isa = PBXGroup;
			children = (
				E93D994416E5091F00F24220 /* linear_by_braydon_fuller.otf */,
			);
			name = fonts;
			sourceTree = "<group>";
		};
/* End PBXGroup section */

/* Begin PBXNativeTarget section */
		E91D7E0416B8E36400F66CD5 /* Sweep */ = {
			isa = PBXNativeTarget;
			buildConfigurationList = E91D7E2916B8E36400F66CD5 /* Build configuration list for PBXNativeTarget "Sweep" */;
			buildPhases = (
				E91D7E0116B8E36400F66CD5 /* Sources */,
				E91D7E0216B8E36400F66CD5 /* Frameworks */,
				E91D7E0316B8E36400F66CD5 /* Resources */,
				F85052C467D24D6C9F207623 /* Copy Pods Resources */,
			);
			buildRules = (
			);
			dependencies = (
			);
			name = Sweep;
			productName = Sweep;
			productReference = E91D7E0516B8E36400F66CD5 /* Sweep.app */;
			productType = "com.apple.product-type.application";
		};
/* End PBXNativeTarget section */

/* Begin PBXProject section */
		E91D7DFC16B8E36300F66CD5 /* Project object */ = {
			isa = PBXProject;
			attributes = {
				LastUpgradeCheck = 0450;
				ORGANIZATIONNAME = "Thomas DeMeo";
			};
			buildConfigurationList = E91D7DFF16B8E36300F66CD5 /* Build configuration list for PBXProject "Sweep" */;
			compatibilityVersion = "Xcode 3.2";
			developmentRegion = English;
			hasScannedForEncodings = 0;
			knownRegions = (
				en,
			);
			mainGroup = E91D7DFA16B8E36300F66CD5;
			productRefGroup = E91D7E0616B8E36400F66CD5 /* Products */;
			projectDirPath = "";
			projectReferences = (
				{
					ProductGroup = E93D98DF16D9CBCE00F24220 /* Products */;
					ProjectRef = E93D98DE16D9CBCE00F24220 /* MFSideMenuDemo.xcodeproj */;
				},
			);
			projectRoot = "";
			targets = (
				E91D7E0416B8E36400F66CD5 /* Sweep */,
			);
		};
/* End PBXProject section */

/* Begin PBXReferenceProxy section */
		E93D98E316D9CBCE00F24220 /* MFSideMenuDemo.app */ = {
			isa = PBXReferenceProxy;
			fileType = wrapper.application;
			path = MFSideMenuDemo.app;
			remoteRef = E93D98E216D9CBCE00F24220 /* PBXContainerItemProxy */;
			sourceTree = BUILT_PRODUCTS_DIR;
		};
/* End PBXReferenceProxy section */

/* Begin PBXResourcesBuildPhase section */
		E91D7E0316B8E36400F66CD5 /* Resources */ = {
			isa = PBXResourcesBuildPhase;
			buildActionMask = 2147483647;
			files = (
				E91D7E1416B8E36400F66CD5 /* InfoPlist.strings in Resources */,
				E91D7E1C16B8E36400F66CD5 /* Default.png in Resources */,
				E91D7E1E16B8E36400F66CD5 /* Default@2x.png in Resources */,
				E91D7E2016B8E36400F66CD5 /* Default-568h@2x.png in Resources */,
				E91D7E2616B8E36400F66CD5 /* ViewController.xib in Resources */,
				E95E75A016C072F600E01F58 /* BarcodeCaptureViewController.xib in Resources */,
				E9AA78AF16C564A4002C4723 /* SideMenuViewController~iphone.xib in Resources */,
				E9AA78C716C73AC7002C4723 /* back-arrow.png in Resources */,
				E9AA78C816C73AC7002C4723 /* back-arrow@2x.png in Resources */,
				E9AA78C916C73AC7002C4723 /* menu-icon.png in Resources */,
				E9AA78CA16C73AC7002C4723 /* menu-icon@2x.png in Resources */,
				E93D992B16DC0E2600F24220 /* SideMenuViewController~ipad.xib in Resources */,
				E93D994516E5091F00F24220 /* linear_by_braydon_fuller.otf in Resources */,
				E93D994716E5381D00F24220 /* BarcodeCaptureViewController~ipad.xib in Resources */,
			);
			runOnlyForDeploymentPostprocessing = 0;
		};
/* End PBXResourcesBuildPhase section */

/* Begin PBXShellScriptBuildPhase section */
		F85052C467D24D6C9F207623 /* Copy Pods Resources */ = {
			isa = PBXShellScriptBuildPhase;
			buildActionMask = 2147483647;
			files = (
			);
			inputPaths = (
			);
			name = "Copy Pods Resources";
			outputPaths = (
			);
			runOnlyForDeploymentPostprocessing = 0;
			shellPath = /bin/sh;
			shellScript = "\"${SRCROOT}/Pods/Pods-resources.sh\"\n";
		};
/* End PBXShellScriptBuildPhase section */

/* Begin PBXSourcesBuildPhase section */
		E91D7E0116B8E36400F66CD5 /* Sources */ = {
			isa = PBXSourcesBuildPhase;
			buildActionMask = 2147483647;
			files = (
				E93D98E916D9D07900F24220 /* UINavigationController+MFSideMenu.m in Sources */,
				E91D7E1616B8E36400F66CD5 /* main.m in Sources */,
				E91D7E1A16B8E36400F66CD5 /* AppDelegate.m in Sources */,
				E91D7E2316B8E36400F66CD5 /* ViewController.m in Sources */,
				E95E759F16C072F600E01F58 /* BarcodeCaptureViewController.m in Sources */,
				E95E75A516C08E3400E01F58 /* SBarcodeResult.m in Sources */,
				E9AA78AE16C564A4002C4723 /* SideMenuViewController.m in Sources */,
				E9AA78C216C72812002C4723 /* SScanEvent.m in Sources */,
				E93D98E516D9CBE400F24220 /* MFSideMenu.m in Sources */,
				E93D98F516DACBEF00F24220 /* Theme.m in Sources */,
				E93D98F616DACBEF00F24220 /* RITTheme.m in Sources */,
			);
			runOnlyForDeploymentPostprocessing = 0;
		};
/* End PBXSourcesBuildPhase section */

/* Begin PBXVariantGroup section */
		E91D7E1216B8E36400F66CD5 /* InfoPlist.strings */ = {
			isa = PBXVariantGroup;
			children = (
				E91D7E1316B8E36400F66CD5 /* en */,
			);
			name = InfoPlist.strings;
			sourceTree = "<group>";
		};
		E91D7E2416B8E36400F66CD5 /* ViewController.xib */ = {
			isa = PBXVariantGroup;
			children = (
				E91D7E2516B8E36400F66CD5 /* en */,
			);
			name = ViewController.xib;
			sourceTree = "<group>";
		};
		E93D992416DC0AE200F24220 /* ViewController.xib */ = {
			isa = PBXVariantGroup;
			children = (
				E93D992516DC0AE200F24220 /* en */,
			);
			name = ViewController.xib;
			sourceTree = "<group>";
		};
/* End PBXVariantGroup section */

/* Begin XCBuildConfiguration section */
		E91D7E2716B8E36400F66CD5 /* Debug */ = {
			isa = XCBuildConfiguration;
			buildSettings = {
				ALWAYS_SEARCH_USER_PATHS = NO;
				CLANG_CXX_LANGUAGE_STANDARD = "compiler-default";
				CLANG_CXX_LIBRARY = "compiler-default";
				CLANG_ENABLE_OBJC_ARC = YES;
				CLANG_WARN_EMPTY_BODY = YES;
				CLANG_WARN__DUPLICATE_METHOD_MATCH = YES;
				"CODE_SIGN_IDENTITY[sdk=iphoneos*]" = "iPhone Developer";
				COPY_PHASE_STRIP = NO;
				GCC_C_LANGUAGE_STANDARD = gnu99;
				GCC_DYNAMIC_NO_PIC = NO;
				GCC_OPTIMIZATION_LEVEL = 0;
				GCC_PREPROCESSOR_DEFINITIONS = (
					"DEBUG=1",
					"$(inherited)",
				);
				GCC_SYMBOLS_PRIVATE_EXTERN = NO;
				GCC_WARN_ABOUT_RETURN_TYPE = YES;
				GCC_WARN_UNINITIALIZED_AUTOS = YES;
				GCC_WARN_UNUSED_VARIABLE = YES;
				HEADER_SEARCH_PATHS = "";
				IPHONEOS_DEPLOYMENT_TARGET = 6.0;
				ONLY_ACTIVE_ARCH = YES;
				SDKROOT = iphoneos;
				TARGETED_DEVICE_FAMILY = "1,2";
			};
			name = Debug;
		};
		E91D7E2816B8E36400F66CD5 /* Release */ = {
			isa = XCBuildConfiguration;
			buildSettings = {
				ALWAYS_SEARCH_USER_PATHS = NO;
				CLANG_CXX_LANGUAGE_STANDARD = "compiler-default";
				CLANG_CXX_LIBRARY = "compiler-default";
				CLANG_ENABLE_OBJC_ARC = YES;
				CLANG_WARN_EMPTY_BODY = YES;
				CLANG_WARN__DUPLICATE_METHOD_MATCH = YES;
				"CODE_SIGN_IDENTITY[sdk=iphoneos*]" = "iPhone Developer";
				COPY_PHASE_STRIP = YES;
				GCC_C_LANGUAGE_STANDARD = gnu99;
				GCC_WARN_ABOUT_RETURN_TYPE = YES;
				GCC_WARN_UNINITIALIZED_AUTOS = YES;
				GCC_WARN_UNUSED_VARIABLE = YES;
				HEADER_SEARCH_PATHS = "";
				IPHONEOS_DEPLOYMENT_TARGET = 6.0;
				OTHER_CFLAGS = "-DNS_BLOCK_ASSERTIONS=1";
				SDKROOT = iphoneos;
				TARGETED_DEVICE_FAMILY = "1,2";
				VALIDATE_PRODUCT = YES;
			};
			name = Release;
		};
		E91D7E2A16B8E36400F66CD5 /* Debug */ = {
			isa = XCBuildConfiguration;
			baseConfigurationReference = 95D00E2EDB7A4F6B81B3B3E9 /* Pods.xcconfig */;
			buildSettings = {
				GCC_PRECOMPILE_PREFIX_HEADER = YES;
				GCC_PREFIX_HEADER = "Sweep/Sweep-Prefix.pch";
				HEADER_SEARCH_PATHS = (
					"$(inherited)",
					"/Users/Thomas/Development/Personal/MFSideMenu/**",
				);
				INFOPLIST_FILE = "Sweep/Sweep-Info.plist";
				IPHONEOS_DEPLOYMENT_TARGET = 6.0;
				PRODUCT_NAME = "$(TARGET_NAME)";
				TARGETED_DEVICE_FAMILY = "1,2";
				WARNING_CFLAGS = "-Wno-unused-parameter";
				WRAPPER_EXTENSION = app;
			};
			name = Debug;
		};
		E91D7E2B16B8E36400F66CD5 /* Release */ = {
			isa = XCBuildConfiguration;
			baseConfigurationReference = 95D00E2EDB7A4F6B81B3B3E9 /* Pods.xcconfig */;
			buildSettings = {
				GCC_PRECOMPILE_PREFIX_HEADER = YES;
				GCC_PREFIX_HEADER = "Sweep/Sweep-Prefix.pch";
				HEADER_SEARCH_PATHS = (
					"$(inherited)",
					"/Users/Thomas/Development/Personal/MFSideMenu/**",
				);
				INFOPLIST_FILE = "Sweep/Sweep-Info.plist";
				IPHONEOS_DEPLOYMENT_TARGET = 6.0;
				PRODUCT_NAME = "$(TARGET_NAME)";
				TARGETED_DEVICE_FAMILY = "1,2";
				WARNING_CFLAGS = "-Wno-unused-parameter";
				WRAPPER_EXTENSION = app;
			};
			name = Release;
		};
/* End XCBuildConfiguration section */

/* Begin XCConfigurationList section */
		E91D7DFF16B8E36300F66CD5 /* Build configuration list for PBXProject "Sweep" */ = {
			isa = XCConfigurationList;
			buildConfigurations = (
				E91D7E2716B8E36400F66CD5 /* Debug */,
				E91D7E2816B8E36400F66CD5 /* Release */,
			);
			defaultConfigurationIsVisible = 0;
			defaultConfigurationName = Release;
		};
		E91D7E2916B8E36400F66CD5 /* Build configuration list for PBXNativeTarget "Sweep" */ = {
			isa = XCConfigurationList;
			buildConfigurations = (
				E91D7E2A16B8E36400F66CD5 /* Debug */,
				E91D7E2B16B8E36400F66CD5 /* Release */,
			);
			defaultConfigurationIsVisible = 0;
			defaultConfigurationName = Release;
		};
/* End XCConfigurationList section */
	};
	rootObject = E91D7DFC16B8E36300F66CD5 /* Project object */;
}
