PODS:
  - AFNetworking (1.2.1)
  - HockeySDK (3.5.5)
  - ViewDeck (2.2.9)
  - ZXingObjC (2.2.8)

DEPENDENCIES:
  - AFNetworking (= 1.2.1)
  - HockeySDK (= 3.5.5)
  - ViewDeck (= 2.2.9)
  - ZXingObjC (= 2.2.8)

SPEC CHECKSUMS:
  AFNetworking: 7e82cfea05017c338ae62897f0a09ba1a8ebb479
  HockeySDK: f9af97c2f5df4eb6ca6d2a9c408f2ff498edd608
  ViewDeck: 6411a46655ed244219df63baf239002a2650281a
  ZXingObjC: e0f7ff32b616eadab6c5b46169311c1493801719

COCOAPODS: 0.33.1
